
Microsoft Visual Studio Solution File, Format Version 12.00
# Visual Studio Version 16
VisualStudioVersion = 16.0.29920.165
MinimumVisualStudioVersion = 10.0.40219.1
Project("{FAE04EC0-301F-11D3-BF4B-00C04F79EFBC}") = "rozrostCA", "rozrostCA\rozrostCA.csproj", "{B7599568-F1F1-42F7-BBC7-C42CF1966F39}"
EndProject
Global
	GlobalSection(SolutionConfigurationPlatforms) = preSolution
		Debug|Any CPU = Debug|Any CPU
		Release|Any CPU = Release|Any CPU
	EndGlobalSection
	GlobalSection(ProjectConfigurationPlatforms) = postSolution
		{B7599568-F1F1-42F7-BBC7-C42CF1966F39}.Debug|Any CPU.ActiveCfg = Debug|Any CPU
		{B7599568-F1F1-42F7-BBC7-C42CF1966F39}.Debug|Any CPU.Build.0 = Debug|Any CPU
		{B7599568-F1F1-42F7-BBC7-C42CF1966F39}.Release|Any CPU.ActiveCfg = Release|Any CPU
		{B7599568-F1F1-42F7-BBC7-C42CF1966F39}.Release|Any CPU.Build.0 = Release|Any CPU
	EndGlobalSection
	GlobalSection(SolutionProperties) = preSolution
		HideSolutionNode = FALSE
	EndGlobalSection
	GlobalSection(ExtensibilityGlobals) = postSolution
		SolutionGuid = {345AA872-E0FB-4C03-B08F-DFFB4AE196D1}
	EndGlobalSection
EndGlobal
