
Microsoft Visual Studio Solution File, Format Version 12.00
# Visual Studio Version 16
VisualStudioVersion = 16.0.29920.165
MinimumVisualStudioVersion = 10.0.40219.1
Project("{FAE04EC0-301F-11D3-BF4B-00C04F79EFBC}") = "rozrostCA+MC", "rozrostCA+MC\rozrostCA+MC.csproj", "{5729952E-C86D-40CF-8CAA-C917F1C64A5D}"
EndProject
Global
	GlobalSection(SolutionConfigurationPlatforms) = preSolution
		Debug|Any CPU = Debug|Any CPU
		Release|Any CPU = Release|Any CPU
	EndGlobalSection
	GlobalSection(ProjectConfigurationPlatforms) = postSolution
		{5729952E-C86D-40CF-8CAA-C917F1C64A5D}.Debug|Any CPU.ActiveCfg = Debug|Any CPU
		{5729952E-C86D-40CF-8CAA-C917F1C64A5D}.Debug|Any CPU.Build.0 = Debug|Any CPU
		{5729952E-C86D-40CF-8CAA-C917F1C64A5D}.Release|Any CPU.ActiveCfg = Release|Any CPU
		{5729952E-C86D-40CF-8CAA-C917F1C64A5D}.Release|Any CPU.Build.0 = Release|Any CPU
	EndGlobalSection
	GlobalSection(SolutionProperties) = preSolution
		HideSolutionNode = FALSE
	EndGlobalSection
	GlobalSection(ExtensibilityGlobals) = postSolution
		SolutionGuid = {4CFD63EC-5FCE-439C-8BFC-2FAFF12C7508}
	EndGlobalSection
EndGlobal
